// !$*UTF8*$!
{
	archiveVersion = 1;
	classes = {
	};
	objectVersion = 46;
	objects = {

/* Begin PBXBuildFile section */
		C26D84131B009C2100B3CDA2 /* bpmf.cpp in Sources */ = {isa = PBXBuildFile; fileRef = C26D84121B009C2100B3CDA2 /* bpmf.cpp */; };
		C26D84151B009C2500B3CDA2 /* mvnormal.cpp in Sources */ = {isa = PBXBuildFile; fileRef = C26D84141B009C2500B3CDA2 /* mvnormal.cpp */; };
/* End PBXBuildFile section */

/* Begin PBXCopyFilesBuildPhase section */
		C26D84061B009C0400B3CDA2 /* CopyFiles */ = {
			isa = PBXCopyFilesBuildPhase;
			buildActionMask = 2147483647;
			dstPath = /usr/share/man/man1/;
			dstSubfolderSpec = 0;
			files = (
			);
			runOnlyForDeploymentPostprocessing = 1;
		};
/* End PBXCopyFilesBuildPhase section */

/* Begin PBXFileReference section */
		C26D84081B009C0400B3CDA2 /* bpmf */ = {isa = PBXFileReference; explicitFileType = "compiled.mach-o.executable"; includeInIndex = 0; path = bpmf; sourceTree = BUILT_PRODUCTS_DIR; };
		C26D84121B009C2100B3CDA2 /* bpmf.cpp */ = {isa = PBXFileReference; fileEncoding = 4; lastKnownFileType = sourcecode.cpp.cpp; name = bpmf.cpp; path = ../../bpmf.cpp; sourceTree = "<group>"; };
		C26D84141B009C2500B3CDA2 /* mvnormal.cpp */ = {isa = PBXFileReference; fileEncoding = 4; lastKnownFileType = sourcecode.cpp.cpp; name = mvnormal.cpp; path = ../../mvnormal.cpp; sourceTree = "<group>"; };
		C26D84161B009C2900B3CDA2 /* bpmf.h */ = {isa = PBXFileReference; lastKnownFileType = sourcecode.c.h; name = bpmf.h; path = ../../bpmf.h; sourceTree = "<group>"; };
/* End PBXFileReference section */

/* Begin PBXFrameworksBuildPhase section */
		C26D84051B009C0400B3CDA2 /* Frameworks */ = {
			isa = PBXFrameworksBuildPhase;
			buildActionMask = 2147483647;
			files = (
			);
			runOnlyForDeploymentPostprocessing = 0;
		};
/* End PBXFrameworksBuildPhase section */

/* Begin PBXGroup section */
		C26D83FF1B009C0400B3CDA2 = {
			isa = PBXGroup;
			children = (
				C26D840A1B009C0400B3CDA2 /* bpmf */,
				C26D84091B009C0400B3CDA2 /* Products */,
			);
			sourceTree = "<group>";
		};
		C26D84091B009C0400B3CDA2 /* Products */ = {
			isa = PBXGroup;
			children = (
				C26D84081B009C0400B3CDA2 /* bpmf */,
			);
			name = Products;
			sourceTree = "<group>";
		};
		C26D840A1B009C0400B3CDA2 /* bpmf */ = {
			isa = PBXGroup;
			children = (
				C26D84141B009C2500B3CDA2 /* mvnormal.cpp */,
				C26D84161B009C2900B3CDA2 /* bpmf.h */,
				C26D84121B009C2100B3CDA2 /* bpmf.cpp */,
			);
			path = bpmf;
			sourceTree = "<group>";
		};
/* End PBXGroup section */

/* Begin PBXNativeTarget section */
		C26D84071B009C0400B3CDA2 /* bpmf */ = {
			isa = PBXNativeTarget;
			buildConfigurationList = C26D840F1B009C0400B3CDA2 /* Build configuration list for PBXNativeTarget "bpmf" */;
			buildPhases = (
				C26D84041B009C0400B3CDA2 /* Sources */,
				C26D84051B009C0400B3CDA2 /* Frameworks */,
				C26D84061B009C0400B3CDA2 /* CopyFiles */,
			);
			buildRules = (
			);
			dependencies = (
			);
			name = bpmf;
			productName = bpmf;
			productReference = C26D84081B009C0400B3CDA2 /* bpmf */;
			productType = "com.apple.product-type.tool";
		};
/* End PBXNativeTarget section */

/* Begin PBXProject section */
		C26D84001B009C0400B3CDA2 /* Project object */ = {
			isa = PBXProject;
			attributes = {
				LastUpgradeCheck = 0630;
				ORGANIZATIONNAME = "Tom Vander Aa";
				TargetAttributes = {
					C26D84071B009C0400B3CDA2 = {
						CreatedOnToolsVersion = 6.3.1;
					};
				};
			};
			buildConfigurationList = C26D84031B009C0400B3CDA2 /* Build configuration list for PBXProject "bpmf" */;
			compatibilityVersion = "Xcode 3.2";
			developmentRegion = English;
			hasScannedForEncodings = 0;
			knownRegions = (
				en,
			);
			mainGroup = C26D83FF1B009C0400B3CDA2;
			productRefGroup = C26D84091B009C0400B3CDA2 /* Products */;
			projectDirPath = "";
			projectRoot = "";
			targets = (
				C26D84071B009C0400B3CDA2 /* bpmf */,
			);
		};
/* End PBXProject section */

/* Begin PBXSourcesBuildPhase section */
		C26D84041B009C0400B3CDA2 /* Sources */ = {
			isa = PBXSourcesBuildPhase;
			buildActionMask = 2147483647;
			files = (
				C26D84131B009C2100B3CDA2 /* bpmf.cpp in Sources */,
				C26D84151B009C2500B3CDA2 /* mvnormal.cpp in Sources */,
			);
			runOnlyForDeploymentPostprocessing = 0;
		};
/* End PBXSourcesBuildPhase section */

/* Begin XCBuildConfiguration section */
		C26D840D1B009C0400B3CDA2 /* Debug */ = {
			isa = XCBuildConfiguration;
			buildSettings = {
				ALWAYS_SEARCH_USER_PATHS = YES;
				CLANG_CXX_LANGUAGE_STANDARD = "gnu++0x";
				CLANG_CXX_LIBRARY = "libc++";
				CLANG_ENABLE_MODULES = YES;
				CLANG_ENABLE_OBJC_ARC = YES;
				CLANG_WARN_BOOL_CONVERSION = YES;
				CLANG_WARN_CONSTANT_CONVERSION = YES;
				CLANG_WARN_DIRECT_OBJC_ISA_USAGE = YES_ERROR;
				CLANG_WARN_EMPTY_BODY = YES;
				CLANG_WARN_ENUM_CONVERSION = YES;
				CLANG_WARN_INT_CONVERSION = YES;
				CLANG_WARN_OBJC_ROOT_CLASS = YES_ERROR;
				CLANG_WARN_UNREACHABLE_CODE = YES;
				CLANG_WARN__DUPLICATE_METHOD_MATCH = YES;
				COPY_PHASE_STRIP = NO;
				DEBUG_INFORMATION_FORMAT = dwarf;
				ENABLE_STRICT_OBJC_MSGSEND = YES;
				GCC_C_LANGUAGE_STANDARD = gnu99;
				GCC_DYNAMIC_NO_PIC = NO;
				GCC_NO_COMMON_BLOCKS = YES;
				GCC_OPTIMIZATION_LEVEL = 0;
				GCC_PREPROCESSOR_DEFINITIONS = (
					"DEBUG=1",
					"$(inherited)",
				);
				GCC_SYMBOLS_PRIVATE_EXTERN = NO;
				GCC_WARN_64_TO_32_BIT_CONVERSION = YES;
				GCC_WARN_ABOUT_RETURN_TYPE = YES_ERROR;
				GCC_WARN_UNDECLARED_SELECTOR = YES;
				GCC_WARN_UNINITIALIZED_AUTOS = YES_AGGRESSIVE;
				GCC_WARN_UNUSED_FUNCTION = YES;
				GCC_WARN_UNUSED_VARIABLE = YES;
				MACOSX_DEPLOYMENT_TARGET = 10.10;
				MTL_ENABLE_DEBUG_INFO = YES;
				ONLY_ACTIVE_ARCH = YES;
				SDKROOT = macosx;
				USER_HEADER_SEARCH_PATHS = "/usr/local/Cellar/eigen/3.2.4/include/eigen3 /usr/local/include";
			};
			name = Debug;
		};
		C26D840E1B009C0400B3CDA2 /* Release */ = {
			isa = XCBuildConfiguration;
			buildSettings = {
				ALWAYS_SEARCH_USER_PATHS = YES;
				CLANG_CXX_LANGUAGE_STANDARD = "gnu++0x";
				CLANG_CXX_LIBRARY = "libc++";
				CLANG_ENABLE_MODULES = YES;
				CLANG_ENABLE_OBJC_ARC = YES;
				CLANG_WARN_BOOL_CONVERSION = YES;
				CLANG_WARN_CONSTANT_CONVERSION = YES;
				CLANG_WARN_DIRECT_OBJC_ISA_USAGE = YES_ERROR;
				CLANG_WARN_EMPTY_BODY = YES;
				CLANG_WARN_ENUM_CONVERSION = YES;
				CLANG_WARN_INT_CONVERSION = YES;
				CLANG_WARN_OBJC_ROOT_CLASS = YES_ERROR;
				CLANG_WARN_UNREACHABLE_CODE = YES;
				CLANG_WARN__DUPLICATE_METHOD_MATCH = YES;
				COPY_PHASE_STRIP = NO;
				DEBUG_INFORMATION_FORMAT = "dwarf-with-dsym";
				ENABLE_NS_ASSERTIONS = NO;
				ENABLE_STRICT_OBJC_MSGSEND = YES;
				GCC_C_LANGUAGE_STANDARD = gnu99;
				GCC_NO_COMMON_BLOCKS = YES;
				GCC_WARN_64_TO_32_BIT_CONVERSION = YES;
				GCC_WARN_ABOUT_RETURN_TYPE = YES_ERROR;
				GCC_WARN_UNDECLARED_SELECTOR = YES;
				GCC_WARN_UNINITIALIZED_AUTOS = YES_AGGRESSIVE;
				GCC_WARN_UNUSED_FUNCTION = YES;
				GCC_WARN_UNUSED_VARIABLE = YES;
				MACOSX_DEPLOYMENT_TARGET = 10.10;
				MTL_ENABLE_DEBUG_INFO = NO;
				SDKROOT = macosx;
				USER_HEADER_SEARCH_PATHS = "/usr/local/Cellar/eigen/3.2.4/include/eigen3 /usr/local/include";
			};
			name = Release;
		};
		C26D84101B009C0400B3CDA2 /* Debug */ = {
			isa = XCBuildConfiguration;
			buildSettings = {
				PRODUCT_NAME = "$(TARGET_NAME)";
			};
			name = Debug;
		};
		C26D84111B009C0400B3CDA2 /* Release */ = {
			isa = XCBuildConfiguration;
			buildSettings = {
				PRODUCT_NAME = "$(TARGET_NAME)";
			};
			name = Release;
		};
/* End XCBuildConfiguration section */

/* Begin XCConfigurationList section */
		C26D84031B009C0400B3CDA2 /* Build configuration list for PBXProject "bpmf" */ = {
			isa = XCConfigurationList;
			buildConfigurations = (
				C26D840D1B009C0400B3CDA2 /* Debug */,
				C26D840E1B009C0400B3CDA2 /* Release */,
			);
			defaultConfigurationIsVisible = 0;
			defaultConfigurationName = Release;
		};
		C26D840F1B009C0400B3CDA2 /* Build configuration list for PBXNativeTarget "bpmf" */ = {
			isa = XCConfigurationList;
			buildConfigurations = (
				C26D84101B009C0400B3CDA2 /* Debug */,
				C26D84111B009C0400B3CDA2 /* Release */,
			);
			defaultConfigurationIsVisible = 0;
		};
/* End XCConfigurationList section */
	};
	rootObject = C26D84001B009C0400B3CDA2 /* Project object */;
}
